
Microsoft Visual Studio Solution File, Format Version 12.00
# Visual Studio Version 16
VisualStudioVersion = 16.0.29409.12
MinimumVisualStudioVersion = 10.0.40219.1
Project("{9A19103F-16F7-4668-BE54-9A1E7A4F7556}") = "ConsoleApp1", "ConsoleApp1.csproj", "{42673572-FC11-4A9F-AAD8-58135DE85F90}"
EndProject
Project("{FAE04EC0-301F-11D3-BF4B-00C04F79EFBC}") = "UnitTestProject1", "..\UnitTestProject1\UnitTestProject1.csproj", "{F6020072-065D-460A-9451-87EC7DA32F5A}"
EndProject
Global
	GlobalSection(SolutionConfigurationPlatforms) = preSolution
		Debug|Any CPU = Debug|Any CPU
		Release|Any CPU = Release|Any CPU
	EndGlobalSection
	GlobalSection(ProjectConfigurationPlatforms) = postSolution
		{42673572-FC11-4A9F-AAD8-58135DE85F90}.Debug|Any CPU.ActiveCfg = Debug|Any CPU
		{42673572-FC11-4A9F-AAD8-58135DE85F90}.Debug|Any CPU.Build.0 = Debug|Any CPU
		{42673572-FC11-4A9F-AAD8-58135DE85F90}.Release|Any CPU.ActiveCfg = Release|Any CPU
		{42673572-FC11-4A9F-AAD8-58135DE85F90}.Release|Any CPU.Build.0 = Release|Any CPU
		{F6020072-065D-460A-9451-87EC7DA32F5A}.Debug|Any CPU.ActiveCfg = Debug|Any CPU
		{F6020072-065D-460A-9451-87EC7DA32F5A}.Debug|Any CPU.Build.0 = Debug|Any CPU
		{F6020072-065D-460A-9451-87EC7DA32F5A}.Release|Any CPU.ActiveCfg = Release|Any CPU
		{F6020072-065D-460A-9451-87EC7DA32F5A}.Release|Any CPU.Build.0 = Release|Any CPU
	EndGlobalSection
	GlobalSection(SolutionProperties) = preSolution
		HideSolutionNode = FALSE
	EndGlobalSection
	GlobalSection(ExtensibilityGlobals) = postSolution
		SolutionGuid = {3026C783-1C11-46AE-AF67-5BB91913510F}
	EndGlobalSection
EndGlobal
